// !$*UTF8*$!
{
	archiveVersion = 1;
	classes = {
	};
	objectVersion = 46;
	objects = {

/* Begin PBXBuildFile section */
		045FA9FC1BCD853D00BA6F39 /* SSHTunnel.swift in Sources */ = {isa = PBXBuildFile; fileRef = 045FA9FB1BCD853D00BA6F39 /* SSHTunnel.swift */; settings = {ASSET_TAGS = (); }; };
		04AE74A21BA35B24009429EE /* BufferLineCell.swift in Sources */ = {isa = PBXBuildFile; fileRef = 04AE74A11BA35B24009429EE /* BufferLineCell.swift */; settings = {ASSET_TAGS = (); }; };
		04AE74A41BA3A100009429EE /* WeechatLineFormatter.swift in Sources */ = {isa = PBXBuildFile; fileRef = 04AE74A31BA3A100009429EE /* WeechatLineFormatter.swift */; settings = {ASSET_TAGS = (); }; };
		04B3A4041B9B60E80045F09E /* AppDelegate.swift in Sources */ = {isa = PBXBuildFile; fileRef = 04B3A4031B9B60E80045F09E /* AppDelegate.swift */; };
		04B3A4061B9B60E80045F09E /* MasterViewController.swift in Sources */ = {isa = PBXBuildFile; fileRef = 04B3A4051B9B60E80045F09E /* MasterViewController.swift */; };
		04B3A4081B9B60E80045F09E /* DetailViewController.swift in Sources */ = {isa = PBXBuildFile; fileRef = 04B3A4071B9B60E80045F09E /* DetailViewController.swift */; };
		04B3A40B1B9B60E80045F09E /* Main.storyboard in Resources */ = {isa = PBXBuildFile; fileRef = 04B3A4091B9B60E80045F09E /* Main.storyboard */; };
		04B3A40D1B9B60E80045F09E /* Assets.xcassets in Resources */ = {isa = PBXBuildFile; fileRef = 04B3A40C1B9B60E80045F09E /* Assets.xcassets */; };
		04B3A4101B9B60E80045F09E /* LaunchScreen.storyboard in Resources */ = {isa = PBXBuildFile; fileRef = 04B3A40E1B9B60E80045F09E /* LaunchScreen.storyboard */; };
		04B3A4181B9B61200045F09E /* Podfile in Resources */ = {isa = PBXBuildFile; fileRef = 04B3A4171B9B61200045F09E /* Podfile */; };
		04E2C1E51BBA033100872AD6 /* SSHPortForward.framework in Frameworks */ = {isa = PBXBuildFile; fileRef = 04E2C1E41BBA033100872AD6 /* SSHPortForward.framework */; };
		04E2C1E71BBA07A100872AD6 /* WeechatConnection.swift in Sources */ = {isa = PBXBuildFile; fileRef = 04E2C1E61BBA07A100872AD6 /* WeechatConnection.swift */; settings = {ASSET_TAGS = (); }; };
		3871E5FA119B204C919523C1 /* Pods.framework in Frameworks */ = {isa = PBXBuildFile; fileRef = FA71C30D2B595A692627043E /* Pods.framework */; settings = {ATTRIBUTES = (Weak, ); }; };
/* End PBXBuildFile section */

/* Begin PBXFileReference section */
		045FA9FB1BCD853D00BA6F39 /* SSHTunnel.swift */ = {isa = PBXFileReference; fileEncoding = 4; lastKnownFileType = sourcecode.swift; path = SSHTunnel.swift; sourceTree = "<group>"; };
		04AE74A11BA35B24009429EE /* BufferLineCell.swift */ = {isa = PBXFileReference; fileEncoding = 4; lastKnownFileType = sourcecode.swift; path = BufferLineCell.swift; sourceTree = "<group>"; };
		04AE74A31BA3A100009429EE /* WeechatLineFormatter.swift */ = {isa = PBXFileReference; fileEncoding = 4; lastKnownFileType = sourcecode.swift; path = WeechatLineFormatter.swift; sourceTree = "<group>"; };
		04B3A4001B9B60E80045F09E /* weechat-ios.app */ = {isa = PBXFileReference; explicitFileType = wrapper.application; includeInIndex = 0; path = "weechat-ios.app"; sourceTree = BUILT_PRODUCTS_DIR; };
		04B3A4031B9B60E80045F09E /* AppDelegate.swift */ = {isa = PBXFileReference; lastKnownFileType = sourcecode.swift; path = AppDelegate.swift; sourceTree = "<group>"; };
		04B3A4051B9B60E80045F09E /* MasterViewController.swift */ = {isa = PBXFileReference; lastKnownFileType = sourcecode.swift; path = MasterViewController.swift; sourceTree = "<group>"; };
		04B3A4071B9B60E80045F09E /* DetailViewController.swift */ = {isa = PBXFileReference; lastKnownFileType = sourcecode.swift; path = DetailViewController.swift; sourceTree = "<group>"; };
		04B3A40A1B9B60E80045F09E /* Base */ = {isa = PBXFileReference; lastKnownFileType = file.storyboard; name = Base; path = Base.lproj/Main.storyboard; sourceTree = "<group>"; };
		04B3A40C1B9B60E80045F09E /* Assets.xcassets */ = {isa = PBXFileReference; lastKnownFileType = folder.assetcatalog; path = Assets.xcassets; sourceTree = "<group>"; };
		04B3A40F1B9B60E80045F09E /* Base */ = {isa = PBXFileReference; lastKnownFileType = file.storyboard; name = Base; path = Base.lproj/LaunchScreen.storyboard; sourceTree = "<group>"; };
		04B3A4111B9B60E80045F09E /* Info.plist */ = {isa = PBXFileReference; lastKnownFileType = text.plist.xml; path = Info.plist; sourceTree = "<group>"; };
		04B3A4171B9B61200045F09E /* Podfile */ = {isa = PBXFileReference; fileEncoding = 4; lastKnownFileType = text; path = Podfile; sourceTree = "<group>"; xcLanguageSpecificationIdentifier = xcode.lang.ruby; };
		04E2C1E41BBA033100872AD6 /* SSHPortForward.framework */ = {isa = PBXFileReference; lastKnownFileType = wrapper.framework; name = SSHPortForward.framework; path = "../SSHPortForward/build/Debug-iphoneos/SSHPortForward.framework"; sourceTree = "<group>"; };
		04E2C1E61BBA07A100872AD6 /* WeechatConnection.swift */ = {isa = PBXFileReference; fileEncoding = 4; lastKnownFileType = sourcecode.swift; path = WeechatConnection.swift; sourceTree = "<group>"; };
		9A545B43DB86634281A66E49 /* Pods.release.xcconfig */ = {isa = PBXFileReference; includeInIndex = 1; lastKnownFileType = text.xcconfig; name = Pods.release.xcconfig; path = "Pods/Target Support Files/Pods/Pods.release.xcconfig"; sourceTree = "<group>"; };
		E107CE33ABC823EADF6639D5 /* Pods.debug.xcconfig */ = {isa = PBXFileReference; includeInIndex = 1; lastKnownFileType = text.xcconfig; name = Pods.debug.xcconfig; path = "Pods/Target Support Files/Pods/Pods.debug.xcconfig"; sourceTree = "<group>"; };
		FA71C30D2B595A692627043E /* Pods.framework */ = {isa = PBXFileReference; explicitFileType = wrapper.framework; includeInIndex = 0; path = Pods.framework; sourceTree = BUILT_PRODUCTS_DIR; };
/* End PBXFileReference section */

/* Begin PBXFrameworksBuildPhase section */
		04B3A3FD1B9B60E80045F09E /* Frameworks */ = {
			isa = PBXFrameworksBuildPhase;
			buildActionMask = 2147483647;
			files = (
				04E2C1E51BBA033100872AD6 /* SSHPortForward.framework in Frameworks */,
				3871E5FA119B204C919523C1 /* Pods.framework in Frameworks */,
			);
			runOnlyForDeploymentPostprocessing = 0;
		};
/* End PBXFrameworksBuildPhase section */

/* Begin PBXGroup section */
		04B3A3F71B9B60E80045F09E = {
			isa = PBXGroup;
			children = (
				04B3A4171B9B61200045F09E /* Podfile */,
				04B3A4021B9B60E80045F09E /* weechat-ios */,
				04B3A4011B9B60E80045F09E /* Products */,
				5440FB1DC1E9E42A83F65149 /* Pods */,
				CD5A30497F73B62F732F6EB9 /* Frameworks */,
			);
			sourceTree = "<group>";
		};
		04B3A4011B9B60E80045F09E /* Products */ = {
			isa = PBXGroup;
			children = (
				04B3A4001B9B60E80045F09E /* weechat-ios.app */,
			);
			name = Products;
			sourceTree = "<group>";
		};
		04B3A4021B9B60E80045F09E /* weechat-ios */ = {
			isa = PBXGroup;
			children = (
				045FA9FB1BCD853D00BA6F39 /* SSHTunnel.swift */,
				04B3A4031B9B60E80045F09E /* AppDelegate.swift */,
				04AE74A11BA35B24009429EE /* BufferLineCell.swift */,
				04B3A4071B9B60E80045F09E /* DetailViewController.swift */,
				04B3A4051B9B60E80045F09E /* MasterViewController.swift */,
				04B3A4091B9B60E80045F09E /* Main.storyboard */,
				04B3A40C1B9B60E80045F09E /* Assets.xcassets */,
				04B3A40E1B9B60E80045F09E /* LaunchScreen.storyboard */,
				04B3A4111B9B60E80045F09E /* Info.plist */,
				04AE74A31BA3A100009429EE /* WeechatLineFormatter.swift */,
				04E2C1E61BBA07A100872AD6 /* WeechatConnection.swift */,
			);
			path = "weechat-ios";
			sourceTree = "<group>";
		};
		5440FB1DC1E9E42A83F65149 /* Pods */ = {
			isa = PBXGroup;
			children = (
				E107CE33ABC823EADF6639D5 /* Pods.debug.xcconfig */,
				9A545B43DB86634281A66E49 /* Pods.release.xcconfig */,
			);
			name = Pods;
			sourceTree = "<group>";
		};
		CD5A30497F73B62F732F6EB9 /* Frameworks */ = {
			isa = PBXGroup;
			children = (
				04E2C1E41BBA033100872AD6 /* SSHPortForward.framework */,
				FA71C30D2B595A692627043E /* Pods.framework */,
			);
			name = Frameworks;
			sourceTree = "<group>";
		};
/* End PBXGroup section */

/* Begin PBXNativeTarget section */
		04B3A3FF1B9B60E80045F09E /* weechat-ios */ = {
			isa = PBXNativeTarget;
			buildConfigurationList = 04B3A4141B9B60E80045F09E /* Build configuration list for PBXNativeTarget "weechat-ios" */;
			buildPhases = (
				B5254F399AFAD1CA9404620C /* Check Pods Manifest.lock */,
				04B3A3FC1B9B60E80045F09E /* Sources */,
				04B3A3FD1B9B60E80045F09E /* Frameworks */,
				04B3A3FE1B9B60E80045F09E /* Resources */,
				41F39E469CF9FC37E336FCDF /* Embed Pods Frameworks */,
				19615CC35A1347234C169C91 /* Copy Pods Resources */,
			);
			buildRules = (
			);
			dependencies = (
			);
			name = "weechat-ios";
			productName = "weechat-ios";
			productReference = 04B3A4001B9B60E80045F09E /* weechat-ios.app */;
			productType = "com.apple.product-type.application";
		};
/* End PBXNativeTarget section */

/* Begin PBXProject section */
		04B3A3F81B9B60E80045F09E /* Project object */ = {
			isa = PBXProject;
			attributes = {
				LastUpgradeCheck = 0700;
				ORGANIZATIONNAME = Lindskogen;
				TargetAttributes = {
					04B3A3FF1B9B60E80045F09E = {
						CreatedOnToolsVersion = 7.0;
					};
				};
			};
			buildConfigurationList = 04B3A3FB1B9B60E80045F09E /* Build configuration list for PBXProject "weechat-ios" */;
			compatibilityVersion = "Xcode 3.2";
			developmentRegion = English;
			hasScannedForEncodings = 0;
			knownRegions = (
				en,
				Base,
			);
			mainGroup = 04B3A3F71B9B60E80045F09E;
			productRefGroup = 04B3A4011B9B60E80045F09E /* Products */;
			projectDirPath = "";
			projectRoot = "";
			targets = (
				04B3A3FF1B9B60E80045F09E /* weechat-ios */,
			);
		};
/* End PBXProject section */

/* Begin PBXResourcesBuildPhase section */
		04B3A3FE1B9B60E80045F09E /* Resources */ = {
			isa = PBXResourcesBuildPhase;
			buildActionMask = 2147483647;
			files = (
				04B3A4101B9B60E80045F09E /* LaunchScreen.storyboard in Resources */,
				04B3A40D1B9B60E80045F09E /* Assets.xcassets in Resources */,
				04B3A4181B9B61200045F09E /* Podfile in Resources */,
				04B3A40B1B9B60E80045F09E /* Main.storyboard in Resources */,
			);
			runOnlyForDeploymentPostprocessing = 0;
		};
/* End PBXResourcesBuildPhase section */

/* Begin PBXShellScriptBuildPhase section */
		19615CC35A1347234C169C91 /* Copy Pods Resources */ = {
			isa = PBXShellScriptBuildPhase;
			buildActionMask = 2147483647;
			files = (
			);
			inputPaths = (
			);
			name = "Copy Pods Resources";
			outputPaths = (
			);
			runOnlyForDeploymentPostprocessing = 0;
			shellPath = /bin/sh;
			shellScript = "\"${SRCROOT}/Pods/Target Support Files/Pods/Pods-resources.sh\"\n";
			showEnvVarsInLog = 0;
		};
		41F39E469CF9FC37E336FCDF /* Embed Pods Frameworks */ = {
			isa = PBXShellScriptBuildPhase;
			buildActionMask = 2147483647;
			files = (
			);
			inputPaths = (
			);
			name = "Embed Pods Frameworks";
			outputPaths = (
			);
			runOnlyForDeploymentPostprocessing = 0;
			shellPath = /bin/sh;
			shellScript = "\"${SRCROOT}/Pods/Target Support Files/Pods/Pods-frameworks.sh\"\n";
			showEnvVarsInLog = 0;
		};
		B5254F399AFAD1CA9404620C /* Check Pods Manifest.lock */ = {
			isa = PBXShellScriptBuildPhase;
			buildActionMask = 2147483647;
			files = (
			);
			inputPaths = (
			);
			name = "Check Pods Manifest.lock";
			outputPaths = (
			);
			runOnlyForDeploymentPostprocessing = 0;
			shellPath = /bin/sh;
			shellScript = "diff \"${PODS_ROOT}/../Podfile.lock\" \"${PODS_ROOT}/Manifest.lock\" > /dev/null\nif [[ $? != 0 ]] ; then\n    cat << EOM\nerror: The sandbox is not in sync with the Podfile.lock. Run 'pod install' or update your CocoaPods installation.\nEOM\n    exit 1\nfi\n";
			showEnvVarsInLog = 0;
		};
/* End PBXShellScriptBuildPhase section */

/* Begin PBXSourcesBuildPhase section */
		04B3A3FC1B9B60E80045F09E /* Sources */ = {
			isa = PBXSourcesBuildPhase;
			buildActionMask = 2147483647;
			files = (
				04E2C1E71BBA07A100872AD6 /* WeechatConnection.swift in Sources */,
				04B3A4081B9B60E80045F09E /* DetailViewController.swift in Sources */,
				04B3A4061B9B60E80045F09E /* MasterViewController.swift in Sources */,
				04AE74A21BA35B24009429EE /* BufferLineCell.swift in Sources */,
				04B3A4041B9B60E80045F09E /* AppDelegate.swift in Sources */,
				045FA9FC1BCD853D00BA6F39 /* SSHTunnel.swift in Sources */,
				04AE74A41BA3A100009429EE /* WeechatLineFormatter.swift in Sources */,
			);
			runOnlyForDeploymentPostprocessing = 0;
		};
/* End PBXSourcesBuildPhase section */

/* Begin PBXVariantGroup section */
		04B3A4091B9B60E80045F09E /* Main.storyboard */ = {
			isa = PBXVariantGroup;
			children = (
				04B3A40A1B9B60E80045F09E /* Base */,
			);
			name = Main.storyboard;
			sourceTree = "<group>";
		};
		04B3A40E1B9B60E80045F09E /* LaunchScreen.storyboard */ = {
			isa = PBXVariantGroup;
			children = (
				04B3A40F1B9B60E80045F09E /* Base */,
			);
			name = LaunchScreen.storyboard;
			sourceTree = "<group>";
		};
/* End PBXVariantGroup section */

/* Begin XCBuildConfiguration section */
		04B3A4121B9B60E80045F09E /* Debug */ = {
			isa = XCBuildConfiguration;
			buildSettings = {
				ALWAYS_SEARCH_USER_PATHS = NO;
				CLANG_CXX_LANGUAGE_STANDARD = "gnu++0x";
				CLANG_CXX_LIBRARY = "libc++";
				CLANG_ENABLE_MODULES = YES;
				CLANG_ENABLE_OBJC_ARC = YES;
				CLANG_WARN_BOOL_CONVERSION = YES;
				CLANG_WARN_CONSTANT_CONVERSION = YES;
				CLANG_WARN_DIRECT_OBJC_ISA_USAGE = YES_ERROR;
				CLANG_WARN_EMPTY_BODY = YES;
				CLANG_WARN_ENUM_CONVERSION = YES;
				CLANG_WARN_INT_CONVERSION = YES;
				CLANG_WARN_OBJC_ROOT_CLASS = YES_ERROR;
				CLANG_WARN_UNREACHABLE_CODE = YES;
				CLANG_WARN__DUPLICATE_METHOD_MATCH = YES;
				"CODE_SIGN_IDENTITY[sdk=iphoneos*]" = "iPhone Developer";
				COPY_PHASE_STRIP = NO;
				DEBUG_INFORMATION_FORMAT = dwarf;
				ENABLE_STRICT_OBJC_MSGSEND = YES;
				ENABLE_TESTABILITY = YES;
				GCC_C_LANGUAGE_STANDARD = gnu99;
				GCC_DYNAMIC_NO_PIC = NO;
				GCC_NO_COMMON_BLOCKS = YES;
				GCC_OPTIMIZATION_LEVEL = 0;
				GCC_PREPROCESSOR_DEFINITIONS = (
					"DEBUG=1",
					"$(inherited)",
				);
				GCC_WARN_64_TO_32_BIT_CONVERSION = YES;
				GCC_WARN_ABOUT_RETURN_TYPE = YES_ERROR;
				GCC_WARN_UNDECLARED_SELECTOR = YES;
				GCC_WARN_UNINITIALIZED_AUTOS = YES_AGGRESSIVE;
				GCC_WARN_UNUSED_FUNCTION = YES;
				GCC_WARN_UNUSED_VARIABLE = YES;
				IPHONEOS_DEPLOYMENT_TARGET = 9.0;
				MTL_ENABLE_DEBUG_INFO = YES;
				ONLY_ACTIVE_ARCH = YES;
				SDKROOT = iphoneos;
				SWIFT_OPTIMIZATION_LEVEL = "-Onone";
				TARGETED_DEVICE_FAMILY = "1,2";
			};
			name = Debug;
		};
		04B3A4131B9B60E80045F09E /* Release */ = {
			isa = XCBuildConfiguration;
			buildSettings = {
				ALWAYS_SEARCH_USER_PATHS = NO;
				CLANG_CXX_LANGUAGE_STANDARD = "gnu++0x";
				CLANG_CXX_LIBRARY = "libc++";
				CLANG_ENABLE_MODULES = YES;
				CLANG_ENABLE_OBJC_ARC = YES;
				CLANG_WARN_BOOL_CONVERSION = YES;
				CLANG_WARN_CONSTANT_CONVERSION = YES;
				CLANG_WARN_DIRECT_OBJC_ISA_USAGE = YES_ERROR;
				CLANG_WARN_EMPTY_BODY = YES;
				CLANG_WARN_ENUM_CONVERSION = YES;
				CLANG_WARN_INT_CONVERSION = YES;
				CLANG_WARN_OBJC_ROOT_CLASS = YES_ERROR;
				CLANG_WARN_UNREACHABLE_CODE = YES;
				CLANG_WARN__DUPLICATE_METHOD_MATCH = YES;
				"CODE_SIGN_IDENTITY[sdk=iphoneos*]" = "iPhone Developer";
				COPY_PHASE_STRIP = NO;
				DEBUG_INFORMATION_FORMAT = "dwarf-with-dsym";
				ENABLE_NS_ASSERTIONS = NO;
				ENABLE_STRICT_OBJC_MSGSEND = YES;
				GCC_C_LANGUAGE_STANDARD = gnu99;
				GCC_NO_COMMON_BLOCKS = YES;
				GCC_WARN_64_TO_32_BIT_CONVERSION = YES;
				GCC_WARN_ABOUT_RETURN_TYPE = YES_ERROR;
				GCC_WARN_UNDECLARED_SELECTOR = YES;
				GCC_WARN_UNINITIALIZED_AUTOS = YES_AGGRESSIVE;
				GCC_WARN_UNUSED_FUNCTION = YES;
				GCC_WARN_UNUSED_VARIABLE = YES;
				IPHONEOS_DEPLOYMENT_TARGET = 9.0;
				MTL_ENABLE_DEBUG_INFO = NO;
				SDKROOT = iphoneos;
				TARGETED_DEVICE_FAMILY = "1,2";
				VALIDATE_PRODUCT = YES;
			};
			name = Release;
		};
		04B3A4151B9B60E80045F09E /* Debug */ = {
			isa = XCBuildConfiguration;
			baseConfigurationReference = E107CE33ABC823EADF6639D5 /* Pods.debug.xcconfig */;
			buildSettings = {
				ASSETCATALOG_COMPILER_APPICON_NAME = AppIcon;
				INFOPLIST_FILE = "weechat-ios/Info.plist";
				IPHONEOS_DEPLOYMENT_TARGET = 8.0;
				LD_RUNPATH_SEARCH_PATHS = "$(inherited) @executable_path/Frameworks";
				PRODUCT_BUNDLE_IDENTIFIER = "se.lindskogen.weechat-ios";
				PRODUCT_NAME = "$(TARGET_NAME)";
			};
			name = Debug;
		};
		04B3A4161B9B60E80045F09E /* Release */ = {
			isa = XCBuildConfiguration;
			baseConfigurationReference = 9A545B43DB86634281A66E49 /* Pods.release.xcconfig */;
			buildSettings = {
				ASSETCATALOG_COMPILER_APPICON_NAME = AppIcon;
				INFOPLIST_FILE = "weechat-ios/Info.plist";
				IPHONEOS_DEPLOYMENT_TARGET = 8.0;
				LD_RUNPATH_SEARCH_PATHS = "$(inherited) @executable_path/Frameworks";
				PRODUCT_BUNDLE_IDENTIFIER = "se.lindskogen.weechat-ios";
				PRODUCT_NAME = "$(TARGET_NAME)";
			};
			name = Release;
		};
/* End XCBuildConfiguration section */

/* Begin XCConfigurationList section */
		04B3A3FB1B9B60E80045F09E /* Build configuration list for PBXProject "weechat-ios" */ = {
			isa = XCConfigurationList;
			buildConfigurations = (
				04B3A4121B9B60E80045F09E /* Debug */,
				04B3A4131B9B60E80045F09E /* Release */,
			);
			defaultConfigurationIsVisible = 0;
			defaultConfigurationName = Release;
		};
		04B3A4141B9B60E80045F09E /* Build configuration list for PBXNativeTarget "weechat-ios" */ = {
			isa = XCConfigurationList;
			buildConfigurations = (
				04B3A4151B9B60E80045F09E /* Debug */,
				04B3A4161B9B60E80045F09E /* Release */,
			);
			defaultConfigurationIsVisible = 0;
			defaultConfigurationName = Release;
		};
/* End XCConfigurationList section */
	};
	rootObject = 04B3A3F81B9B60E80045F09E /* Project object */;
}
